{
  "name": "deskex",
  "version": "1.0.0",
  "lockfileVersion": 3,
  "requires": true,
  "packages": {
    "": {
      "name": "deskex",
      "version": "1.0.0",
      "hasInstallScript": true,
      "dependencies": {
        "pear-bridge": "^1.0.0",
        "pear-electron": "^1.0.15"
      },
      "devDependencies": {
        "brittle": "^3.0.0",
        "pear-interface": "^1.0.0"
      }
    },
    "node_modules/@hyperswarm/secret-stream": {
      "version": "6.7.1",
      "license": "Apache-2.0",
      "dependencies": {
        "b4a": "^1.1.0",
        "hypercore-crypto": "^3.3.1",
        "noise-curve-ed": "^2.0.1",
        "noise-handshake": "^3.0.2",
        "sodium-secretstream": "^1.1.0",
        "sodium-universal": "^4.0.0",
        "streamx": "^2.14.0",
        "timeout-refresh": "^2.0.0",
        "unslab": "^1.3.0"
      }
    },
    "node_modules/@istanbuljs/schema": {
      "version": "0.1.3",
      "dev": true,
      "license": "MIT",
      "engines": {
        "node": ">=8"
      }
    },
    "node_modules/@jridgewell/resolve-uri": {
      "version": "3.1.2",
      "dev": true,
      "license": "MIT",
      "engines": {
        "node": ">=6.0.0"
      }
    },
    "node_modules/@jridgewell/sourcemap-codec": {
      "version": "1.5.0",
      "dev": true,
      "license": "MIT"
    },
    "node_modules/@jridgewell/trace-mapping": {
      "version": "0.3.25",
      "dev": true,
      "license": "MIT",
      "dependencies": {
        "@jridgewell/resolve-uri": "^3.1.0",
        "@jridgewell/sourcemap-codec": "^1.4.14"
      }
    },
    "node_modules/@types/istanbul-lib-coverage": {
      "version": "2.0.6",
      "dev": true,
      "license": "MIT"
    },
    "node_modules/acorn": {
      "version": "8.14.1",
      "license": "MIT",
      "bin": {
        "acorn": "bin/acorn"
      },
      "engines": {
        "node": ">=0.4.0"
      }
    },
    "node_modules/b4a": {
      "version": "1.6.7",
      "license": "Apache-2.0"
    },
    "node_modules/bare-addon-resolve": {
      "version": "1.9.3",
      "license": "Apache-2.0",
      "dependencies": {
        "bare-module-resolve": "^1.10.0",
        "bare-semver": "^1.0.0"
      },
      "peerDependencies": {
        "bare-url": "*"
      },
      "peerDependenciesMeta": {
        "bare-url": {
          "optional": true
        }
      }
    },
    "node_modules/bare-ansi-escapes": {
      "version": "2.2.2",
      "license": "Apache-2.0",
      "dependencies": {
        "bare-stream": "^2.0.0"
      }
    },
    "node_modules/bare-bundle": {
      "version": "1.8.3",
      "license": "Apache-2.0"
    },
    "node_modules/bare-cov": {
      "version": "1.0.1",
      "dev": true,
      "license": "Apache-2.0",
      "dependencies": {
        "@istanbuljs/schema": "^0.1.3",
        "istanbul-lib-coverage": "^3.2.2",
        "istanbul-lib-report": "^3.0.1",
        "istanbul-reports": "^3.1.7",
        "picomatch": "^4.0.2",
        "v8-to-istanbul": "^9.3.0"
      }
    },
    "node_modules/bare-dns": {
      "version": "2.0.4",
      "license": "Apache-2.0",
      "engines": {
        "bare": ">=1.7.0"
      }
    },
    "node_modules/bare-env": {
      "version": "3.0.0",
      "license": "Apache-2.0",
      "dependencies": {
        "bare-os": "^3.0.1"
      }
    },
    "node_modules/bare-events": {
      "version": "2.5.4",
      "license": "Apache-2.0"
    },
    "node_modules/bare-fs": {
      "version": "4.0.1",
      "license": "Apache-2.0",
      "dependencies": {
        "bare-events": "^2.0.0",
        "bare-path": "^3.0.0",
        "bare-stream": "^2.0.0"
      },
      "engines": {
        "bare": ">=1.7.0"
      }
    },
    "node_modules/bare-hrtime": {
      "version": "2.0.10",
      "license": "Apache-2.0"
    },
    "node_modules/bare-http1": {
      "version": "4.0.2",
      "license": "Apache-2.0",
      "dependencies": {
        "bare-events": "^2.0.0",
        "bare-stream": "^2.3.0",
        "bare-tcp": "^2.0.0"
      }
    },
    "node_modules/bare-module-resolve": {
      "version": "1.10.2",
      "license": "Apache-2.0",
      "dependencies": {
        "bare-semver": "^1.0.0"
      },
      "peerDependencies": {
        "bare-url": "*"
      },
      "peerDependenciesMeta": {
        "bare-url": {
          "optional": true
        }
      }
    },
    "node_modules/bare-os": {
      "version": "3.6.0",
      "license": "Apache-2.0",
      "engines": {
        "bare": ">=1.14.0"
      }
    },
    "node_modules/bare-path": {
      "version": "3.0.0",
      "license": "Apache-2.0",
      "dependencies": {
        "bare-os": "^3.0.1"
      }
    },
    "node_modules/bare-pipe": {
      "version": "4.0.5",
      "license": "Apache-2.0",
      "dependencies": {
        "bare-events": "^2.0.0",
        "bare-stream": "^2.0.0"
      },
      "engines": {
        "bare": ">=1.16.0"
      }
    },
    "node_modules/bare-readline": {
      "version": "1.0.7",
      "license": "Apache-2.0",
      "dependencies": {
        "bare-ansi-escapes": "^2.0.0",
        "bare-stream": "^2.0.0"
      }
    },
    "node_modules/bare-semver": {
      "version": "1.0.1",
      "license": "Apache-2.0"
    },
    "node_modules/bare-signals": {
      "version": "3.0.2",
      "license": "Apache-2.0",
      "dependencies": {
        "bare-events": "^2.0.0",
        "bare-os": "^3.0.1"
      }
    },
    "node_modules/bare-stream": {
      "version": "2.6.5",
      "license": "Apache-2.0",
      "dependencies": {
        "streamx": "^2.21.0"
      },
      "peerDependencies": {
        "bare-buffer": "*",
        "bare-events": "*"
      },
      "peerDependenciesMeta": {
        "bare-buffer": {
          "optional": true
        },
        "bare-events": {
          "optional": true
        }
      }
    },
    "node_modules/bare-subprocess": {
      "version": "5.0.2",
      "license": "Apache-2.0",
      "dependencies": {
        "bare-env": "^3.0.0",
        "bare-events": "^2.0.0",
        "bare-os": "^3.0.1",
        "bare-pipe": "^4.0.0"
      },
      "engines": {
        "bare": ">=1.7.0"
      }
    },
    "node_modules/bare-tcp": {
      "version": "2.0.3",
      "license": "Apache-2.0",
      "dependencies": {
        "bare-dns": "^2.0.4",
        "bare-events": "^2.5.4",
        "bare-stream": "^2.6.4"
      },
      "engines": {
        "bare": ">=1.7.0"
      }
    },
    "node_modules/bare-tty": {
      "version": "5.0.1",
      "license": "Apache-2.0",
      "dependencies": {
        "bare-events": "^2.2.0",
        "bare-signals": "^4.0.0",
        "bare-stream": "^2.0.0"
      },
      "engines": {
        "bare": ">=1.7.0"
      }
    },
    "node_modules/bare-tty/node_modules/bare-signals": {
      "version": "4.0.1",
      "license": "Apache-2.0",
      "dependencies": {
        "bare-events": "^2.0.0",
        "bare-os": "^3.0.1"
      },
      "engines": {
        "bare": ">=1.7.0"
      }
    },
    "node_modules/bare-url": {
      "version": "2.1.3",
      "license": "Apache-2.0",
      "dependencies": {
        "bare-path": "^3.0.0"
      }
    },
    "node_modules/big-sparse-array": {
      "version": "1.0.3",
      "license": "MIT"
    },
    "node_modules/binary-stream-equals": {
      "version": "1.0.0",
      "license": "MIT",
      "dependencies": {
        "b4a": "^1.3.1"
      }
    },
    "node_modules/bits-to-bytes": {
      "version": "1.3.0",
      "license": "ISC",
      "dependencies": {
        "b4a": "^1.5.0"
      }
    },
    "node_modules/blind-relay": {
      "version": "1.3.3",
      "license": "Apache-2.0",
      "dependencies": {
        "b4a": "^1.6.4",
        "bare-events": "^2.2.0",
        "bits-to-bytes": "^1.3.0",
        "compact-encoding": "^2.12.0",
        "compact-encoding-bitfield": "^1.0.0",
        "hypertrace": "^1.4.1",
        "protomux": "^3.5.1",
        "sodium-universal": "^4.0.0",
        "streamx": "^2.15.1"
      }
    },
    "node_modules/bogon": {
      "version": "1.1.0",
      "license": "MIT",
      "dependencies": {
        "compact-encoding": "^2.11.0",
        "compact-encoding-net": "^1.2.0"
      }
    },
    "node_modules/brittle": {
      "version": "3.13.1",
      "dev": true,
      "license": "Apache-2.0",
      "dependencies": {
        "b4a": "^1.6.0",
        "bare-cov": "^1.0.1",
        "bare-subprocess": "^5.0.0",
        "error-stack-parser": "^2.1.4",
        "globbie": "^1.0.0",
        "paparam": "^1.6.2",
        "same-object": "^1.0.2",
        "test-tmp": "^1.4.0",
        "tmatch": "^5.0.0"
      },
      "bin": {
        "brittle": "cmd.js"
      }
    },
    "node_modules/child_process": {
      "name": "bare-node-child-process",
      "version": "1.0.1",
      "license": "Apache-2.0",
      "dependencies": {
        "bare-subprocess": "*"
      }
    },
    "node_modules/cjs-module-lexer": {
      "version": "1.4.3",
      "license": "MIT"
    },
    "node_modules/codecs": {
      "version": "3.1.0",
      "license": "MIT",
      "dependencies": {
        "b4a": "^1.6.3"
      }
    },
    "node_modules/compact-encoding": {
      "version": "2.16.0",
      "license": "Apache-2.0",
      "dependencies": {
        "b4a": "^1.3.0"
      }
    },
    "node_modules/compact-encoding-bitfield": {
      "version": "1.0.0",
      "license": "ISC",
      "dependencies": {
        "compact-encoding": "^2.4.1"
      }
    },
    "node_modules/compact-encoding-net": {
      "version": "1.2.0",
      "license": "ISC",
      "dependencies": {
        "compact-encoding": "^2.4.1"
      }
    },
    "node_modules/convert-source-map": {
      "version": "2.0.0",
      "dev": true,
      "license": "MIT"
    },
    "node_modules/corestore": {
      "version": "6.18.4",
      "license": "MIT",
      "dependencies": {
        "b4a": "^1.6.4",
        "hypercore": "^10.37.10",
        "hypercore-crypto": "^3.4.0",
        "hypercore-id-encoding": "^1.2.0",
        "read-write-mutexify": "^2.1.0",
        "ready-resource": "^1.0.0",
        "safety-catch": "^1.0.1",
        "sodium-universal": "^4.0.0",
        "xache": "^1.1.0"
      }
    },
    "node_modules/crc-native": {
      "version": "1.1.7",
      "license": "Apache-2.0",
      "optional": true,
      "dependencies": {
        "require-addon": "^1.1.0"
      }
    },
    "node_modules/crc-universal": {
      "version": "1.0.4",
      "license": "ISC",
      "optionalDependencies": {
        "crc-native": "^1.0.3"
      }
    },
    "node_modules/debounceify": {
      "version": "1.1.0",
      "license": "MIT"
    },
    "node_modules/dependency-stream": {
      "version": "2.3.0",
      "license": "Apache-2.0",
      "dependencies": {
        "b4a": "^1.6.4",
        "bare-addon-resolve": "^1.5.1",
        "bare-module-resolve": "^1.4.4",
        "sloppy-module-parser": "^2.0.0",
        "streamx": "^2.15.6",
        "which-runtime": "^1.2.1"
      }
    },
    "node_modules/dht-rpc": {
      "version": "6.17.0",
      "license": "MIT",
      "dependencies": {
        "b4a": "^1.6.1",
        "bare-events": "^2.2.0",
        "compact-encoding": "^2.11.0",
        "compact-encoding-net": "^1.2.0",
        "fast-fifo": "^1.1.0",
        "kademlia-routing-table": "^1.0.1",
        "nat-sampler": "^1.0.1",
        "sodium-universal": "^4.0.0",
        "streamx": "^2.13.2",
        "time-ordered-set": "^2.0.0",
        "udx-native": "^1.5.3"
      }
    },
    "node_modules/drive-bundler": {
      "version": "2.4.4",
      "license": "Apache-2.0",
      "workspaces": [
        "test/fixtures/*"
      ],
      "dependencies": {
        "b4a": "^1.6.6",
        "dependency-stream": "^2.0.0",
        "mutexify": "^1.4.0",
        "sodium-native": "^4.0.0",
        "unix-path-resolve": "^1.0.2",
        "url-file-url": "^1.0.1"
      },
      "optionalDependencies": {
        "bare-fs": "^4.0.1",
        "bare-path": "^3.0.0"
      }
    },
    "node_modules/drive-resolve": {
      "version": "1.3.1",
      "license": "Apache-2.0",
      "dependencies": {
        "b4a": "^1.6.4",
        "bare-module-resolve": "^1.2.5",
        "unix-path-resolve": "^1.0.2"
      }
    },
    "node_modules/error-stack-parser": {
      "version": "2.1.4",
      "dev": true,
      "license": "MIT",
      "dependencies": {
        "stackframe": "^1.3.4"
      }
    },
    "node_modules/es-module-lexer": {
      "version": "1.6.0",
      "license": "MIT"
    },
    "node_modules/fast-fifo": {
      "version": "1.3.2",
      "license": "MIT"
    },
    "node_modules/flat-tree": {
      "version": "1.12.1",
      "license": "MIT"
    },
    "node_modules/framed-stream": {
      "version": "1.0.1",
      "license": "MIT",
      "dependencies": {
        "b4a": "^1.6.1",
        "streamx": "^2.13.0"
      }
    },
    "node_modules/fs": {
      "name": "bare-node-fs",
      "version": "1.0.2",
      "license": "Apache-2.0",
      "dependencies": {
        "bare-fs": "*"
      }
    },
    "node_modules/fs-native-extensions": {
      "version": "1.4.0",
      "license": "Apache-2.0",
      "dependencies": {
        "require-addon": "^1.1.0",
        "which-runtime": "^1.2.0"
      }
    },
    "node_modules/globbie": {
      "version": "1.0.1",
      "dev": true,
      "license": "Apache-2.0",
      "dependencies": {
        "brittle": "^3.6.0",
        "picomatch": "^4.0.2"
      }
    },
    "node_modules/has-flag": {
      "version": "4.0.0",
      "dev": true,
      "license": "MIT",
      "engines": {
        "node": ">=8"
      }
    },
    "node_modules/html-escaper": {
      "version": "2.0.2",
      "dev": true,
      "license": "MIT"
    },
    "node_modules/hyperbee": {
      "version": "2.23.1",
      "license": "MIT",
      "dependencies": {
        "b4a": "^1.6.0",
        "codecs": "^3.0.0",
        "debounceify": "^1.0.0",
        "hypercore-errors": "^1.0.0",
        "mutexify": "^1.4.0",
        "protocol-buffers-encodings": "^1.2.0",
        "rache": "^1.0.0",
        "ready-resource": "^1.0.0",
        "safety-catch": "^1.0.2",
        "streamx": "^2.12.4",
        "unslab": "^1.2.0"
      }
    },
    "node_modules/hyperblobs": {
      "version": "2.8.0",
      "license": "Apache-2.0",
      "dependencies": {
        "b4a": "^1.6.1",
        "bare-events": "^2.5.0",
        "hypercore-errors": "^1.1.1",
        "mutexify": "^1.4.0",
        "speedometer": "^1.1.0",
        "streamx": "^2.13.2"
      }
    },
    "node_modules/hypercore": {
      "version": "10.38.2",
      "license": "MIT",
      "dependencies": {
        "@hyperswarm/secret-stream": "^6.0.0",
        "b4a": "^1.1.0",
        "bare-events": "^2.2.0",
        "big-sparse-array": "^1.0.3",
        "compact-encoding": "^2.11.0",
        "crc-universal": "^1.0.2",
        "fast-fifo": "^1.3.0",
        "flat-tree": "^1.9.0",
        "hypercore-crypto": "^3.2.1",
        "hypercore-errors": "^1.2.0",
        "hypercore-id-encoding": "^1.2.0",
        "is-options": "^1.0.1",
        "protomux": "^3.5.0",
        "quickbit-universal": "^2.2.0",
        "random-access-file": "^4.0.0",
        "random-array-iterator": "^1.0.0",
        "safety-catch": "^1.0.1",
        "sodium-universal": "^4.0.0",
        "streamx": "^2.12.4",
        "unslab": "^1.3.0",
        "xache": "^1.1.0",
        "z32": "^1.0.0"
      }
    },
    "node_modules/hypercore-crypto": {
      "version": "3.5.0",
      "license": "MIT",
      "dependencies": {
        "b4a": "^1.6.6",
        "compact-encoding": "^2.15.0",
        "sodium-universal": "^4.0.1"
      }
    },
    "node_modules/hypercore-errors": {
      "version": "1.4.0",
      "license": "Apache-2.0"
    },
    "node_modules/hypercore-id-encoding": {
      "version": "1.3.0",
      "license": "Apache-2.0",
      "dependencies": {
        "b4a": "^1.5.3",
        "z32": "^1.0.0"
      }
    },
    "node_modules/hyperdht": {
      "version": "6.20.1",
      "license": "MIT",
      "dependencies": {
        "@hyperswarm/secret-stream": "^6.6.2",
        "b4a": "^1.3.1",
        "bare-events": "^2.2.0",
        "blind-relay": "^1.3.0",
        "bogon": "^1.0.0",
        "compact-encoding": "^2.4.1",
        "compact-encoding-net": "^1.0.1",
        "dht-rpc": "^6.15.1",
        "hypercore-crypto": "^3.3.0",
        "hypercore-id-encoding": "^1.2.0",
        "noise-curve-ed": "^2.0.0",
        "noise-handshake": "^3.0.0",
        "record-cache": "^1.1.1",
        "safety-catch": "^1.0.1",
        "signal-promise": "^1.0.3",
        "sodium-universal": "^4.0.0",
        "streamx": "^2.16.1",
        "unslab": "^1.3.0",
        "xache": "^1.1.0"
      },
      "bin": {
        "hyperdht": "bin.js"
      }
    },
    "node_modules/hyperdrive": {
      "version": "11.13.4",
      "license": "Apache-2.0",
      "dependencies": {
        "hyperbee": "^2.11.1",
        "hyperblobs": "^2.3.0",
        "hypercore": "^10.33.0",
        "hypercore-errors": "^1.0.0",
        "is-options": "^1.0.2",
        "mirror-drive": "^1.2.0",
        "ready-resource": "^1.0.0",
        "safety-catch": "^1.0.2",
        "speedometer": "^1.1.0",
        "streamx": "^2.12.4",
        "sub-encoder": "^2.1.1",
        "unix-path-resolve": "^1.0.2"
      }
    },
    "node_modules/hyperswarm": {
      "version": "4.11.1",
      "license": "MIT",
      "dependencies": {
        "b4a": "^1.3.1",
        "bare-events": "^2.2.0",
        "hyperdht": "^6.11.0",
        "safety-catch": "^1.0.2",
        "shuffled-priority-queue": "^2.1.0",
        "unslab": "^1.3.0"
      }
    },
    "node_modules/hypertrace": {
      "version": "1.4.2",
      "license": "Apache-2.0"
    },
    "node_modules/iambus": {
      "version": "1.0.3",
      "license": "Apache-2.0",
      "dependencies": {
        "nanoassert": "^2.0.0",
        "streamx": "^2.13.2"
      }
    },
    "node_modules/is-options": {
      "version": "1.0.2",
      "license": "MIT",
      "dependencies": {
        "b4a": "^1.1.1"
      }
    },
    "node_modules/is-valid-variable": {
      "version": "1.0.1",
      "license": "MIT"
    },
    "node_modules/istanbul-lib-coverage": {
      "version": "3.2.2",
      "dev": true,
      "license": "BSD-3-Clause",
      "engines": {
        "node": ">=8"
      }
    },
    "node_modules/istanbul-lib-report": {
      "version": "3.0.1",
      "dev": true,
      "license": "BSD-3-Clause",
      "dependencies": {
        "istanbul-lib-coverage": "^3.0.0",
        "make-dir": "^4.0.0",
        "supports-color": "^7.1.0"
      },
      "engines": {
        "node": ">=10"
      }
    },
    "node_modules/istanbul-reports": {
      "version": "3.1.7",
      "dev": true,
      "license": "BSD-3-Clause",
      "dependencies": {
        "html-escaper": "^2.0.0",
        "istanbul-lib-report": "^3.0.0"
      },
      "engines": {
        "node": ">=8"
      }
    },
    "node_modules/kademlia-routing-table": {
      "version": "1.0.6",
      "license": "MIT",
      "dependencies": {
        "bare-events": "^2.2.0"
      }
    },
    "node_modules/listen-async": {
      "version": "1.0.0",
      "license": "Apache-2.0"
    },
    "node_modules/localdrive": {
      "version": "1.12.2",
      "license": "Apache-2.0",
      "dependencies": {
        "b4a": "^1.6.1",
        "bare-fs": "^4.0.1",
        "bare-path": "^3.0.0",
        "mirror-drive": "^1.2.0",
        "mutexify": "^1.4.0",
        "streamx": "^2.12.5",
        "unix-path-resolve": "^1.0.2"
      }
    },
    "node_modules/lodash.sortby": {
      "version": "4.7.0",
      "license": "MIT"
    },
    "node_modules/make-dir": {
      "version": "4.0.0",
      "dev": true,
      "license": "MIT",
      "dependencies": {
        "semver": "^7.5.3"
      },
      "engines": {
        "node": ">=10"
      },
      "funding": {
        "url": "https://github.com/sponsors/sindresorhus"
      }
    },
    "node_modules/mime-db": {
      "version": "1.54.0",
      "license": "MIT",
      "engines": {
        "node": ">= 0.6"
      }
    },
    "node_modules/mirror-drive": {
      "version": "1.4.0",
      "license": "Apache-2.0",
      "dependencies": {
        "binary-stream-equals": "^1.0.0",
        "same-data": "^1.0.0"
      }
    },
    "node_modules/mutexify": {
      "version": "1.4.0",
      "license": "MIT",
      "dependencies": {
        "queue-tick": "^1.0.0"
      }
    },
    "node_modules/nanoassert": {
      "version": "2.0.0",
      "license": "ISC"
    },
    "node_modules/nat-sampler": {
      "version": "1.0.1",
      "license": "MIT"
    },
    "node_modules/node-bare-bundle": {
      "version": "1.4.2",
      "license": "Apache-2.0",
      "dependencies": {
        "b4a": "^1.6.4",
        "bare-addon-resolve": "^1.4.2",
        "bare-bundle": "^1.0.0",
        "bare-module-resolve": "^1.5.0",
        "bare-path": "^3.0.0",
        "url-file-url": "^1.0.1",
        "which-runtime": "^1.2.1"
      }
    },
    "node_modules/noise-curve-ed": {
      "version": "2.0.1",
      "license": "ISC",
      "dependencies": {
        "b4a": "^1.1.0",
        "nanoassert": "^2.0.0",
        "sodium-universal": "^4.0.0"
      }
    },
    "node_modules/noise-handshake": {
      "version": "3.1.0",
      "license": "ISC",
      "dependencies": {
        "b4a": "^1.1.0",
        "nanoassert": "^2.0.0",
        "sodium-universal": "^4.0.0"
      }
    },
    "node_modules/paparam": {
      "version": "1.8.0",
      "license": "Apache-2.0"
    },
    "node_modules/path": {
      "name": "bare-node-path",
      "version": "1.0.1",
      "license": "Apache-2.0",
      "dependencies": {
        "bare-path": "*"
      }
    },
    "node_modules/pear-api": {
      "version": "1.6.20",
      "license": "Apache-2.0",
      "dependencies": {
        "b4a": "^1.6.7",
        "bare-hrtime": "^2.0.10",
        "bare-os": "^3.4.0",
        "bare-path": "^3.0.0",
        "bare-pipe": "^4.0.3",
        "bare-readline": "^1.0.7",
        "bare-signals": "^3.0.2",
        "bare-subprocess": "^5.0.2",
        "bare-tty": "^5.0.1",
        "child_process": "npm:bare-node-child-process",
        "fs": "npm:bare-node-fs",
        "hypercore-id-encoding": "^1.3.0",
        "paparam": "^1.6.1",
        "path": "npm:bare-node-path",
        "pear-link": "^2.0.6",
        "safety-catch": "^1.0.2",
        "sodium-native": "^4.3.1",
        "streamx": "^2.22.0",
        "tiny-byte-size": "^1.1.0",
        "url-file-url": "^1.0.4",
        "which-runtime": "^1.2.1",
        "z32": "^1.1.0"
      },
      "peerDependencies": {
        "hypercore-crypto": "^3.5.0",
        "script-linker": "^2.5.4"
      }
    },
    "node_modules/pear-bridge": {
      "version": "1.1.0",
      "license": "Apache-2.0",
      "dependencies": {
        "bare-http1": "^4.0.2",
        "listen-async": "^1.0.0",
        "mime-db": "^1.53.0",
        "pear-api": "*",
        "ready-resource": "^1.1.1",
        "script-linker": "^2.5.3",
        "streamx": "^2.21.1"
      }
    },
    "node_modules/pear-electron": {
      "version": "1.1.10",
      "license": "Apache-2.0",
      "dependencies": {
        "bare-env": "^3.0.0",
        "bare-fs": "^4.0.1",
        "bare-os": "^3.4.0",
        "bare-path": "^3.0.0",
        "bare-pipe": "^4.0.3",
        "bare-subprocess": "^5.0.2",
        "bare-tty": "^5.0.1",
        "corestore": "^6.18.4",
        "hypercore-id-encoding": "^1.3.0",
        "hyperdrive": "^11.13.3",
        "hyperswarm": "^4.8.4",
        "iambus": "^1.0.3",
        "localdrive": "^1.12.1",
        "node-bare-bundle": "^1.4.2",
        "paparam": "^1.6.1",
        "pear-api": "^1.6.20",
        "pear-interface": "^1.0.3",
        "pear-ipc": "^3.2.0",
        "pear-link": "^2.0.6",
        "pear-updater-bootstrap": "github:holepunchto/pear-updater-bootstrap#corestore-option",
        "rache": "^1.0.0",
        "safety-catch": "^1.0.2",
        "script-linker": "^2.5.3",
        "streamx": "^2.20.2",
        "url-file-url": "^1.0.4",
        "which-runtime": "^1.2.1"
      },
      "bin": {
        "pear-electron": "bin.js"
      }
    },
    "node_modules/pear-interface": {
      "version": "1.1.0",
      "license": "Apache-2.0",
      "dependencies": {
        "bare-pipe": "^4.0.5",
        "streamx": "^2.18.0"
      }
    },
    "node_modules/pear-ipc": {
      "version": "3.3.0",
      "license": "Apache-2.0",
      "dependencies": {
        "bare-fs": "^4.0.1",
        "bare-os": "^3.2.0",
        "bare-path": "^3.0.0",
        "bare-pipe": "^3.3.7",
        "framed-stream": "^1.0.1",
        "fs-native-extensions": "^1.2.7",
        "ready-resource": "^1.0.3",
        "streamx": "^2.16.1",
        "tiny-buffer-rpc": "^2.2.0",
        "which-runtime": "^1.2.0"
      }
    },
    "node_modules/pear-ipc/node_modules/bare-pipe": {
      "version": "3.3.8",
      "license": "Apache-2.0",
      "dependencies": {
        "bare-events": "^2.0.0",
        "bare-stream": "^2.0.0"
      }
    },
    "node_modules/pear-link": {
      "version": "2.1.2",
      "license": "Apache-2.0",
      "dependencies": {
        "hypercore-id-encoding": "^1.2.0",
        "which-runtime": "^1.2.1"
      }
    },
    "node_modules/pear-updater": {
      "version": "3.4.3",
      "license": "Apache-2.0",
      "dependencies": {
        "b4a": "^1.6.7",
        "bare-bundle": "^1.1.2",
        "bare-fs": "^4.0.1",
        "compact-encoding": "^2.15.0",
        "drive-bundler": "^2.3.2",
        "fs-native-extensions": "^1.2.0",
        "hypercore-id-encoding": "^1.3.0",
        "localdrive": "^2.0.0",
        "read-write-mutexify": "^2.1.0",
        "ready-resource": "^1.0.0",
        "safety-catch": "^1.0.2",
        "streamx": "^2.15.0"
      },
      "optionalDependencies": {
        "bare-path": "^3.0.0"
      }
    },
    "node_modules/pear-updater-bootstrap": {
      "version": "1.2.2",
      "resolved": "git+ssh://git@github.com/holepunchto/pear-updater-bootstrap.git#95a3695799d8ddcb4d52050ed8e81c5279bdbda1",
      "license": "Apache-2.0",
      "dependencies": {
        "corestore": "^6.16.2",
        "hypercore-id-encoding": "^1.2.0",
        "hyperdrive": "^11.13.1",
        "hyperswarm": "^4.7.14",
        "pear-updater": "^3.0.1"
      },
      "bin": {
        "pear-updater-bootstrap": "bin.js"
      },
      "optionalDependencies": {
        "bare-path": "^3.0.0"
      }
    },
    "node_modules/pear-updater/node_modules/localdrive": {
      "version": "2.1.0",
      "license": "Apache-2.0",
      "dependencies": {
        "b4a": "^1.6.1",
        "bare-fs": "^4.0.1",
        "bare-path": "^3.0.0",
        "mirror-drive": "^1.2.0",
        "mutexify": "^1.4.0",
        "streamx": "^2.12.5",
        "unix-path-resolve": "^1.0.2"
      }
    },
    "node_modules/picomatch": {
      "version": "4.0.2",
      "dev": true,
      "license": "MIT",
      "engines": {
        "node": ">=12"
      },
      "funding": {
        "url": "https://github.com/sponsors/jonschlinkert"
      }
    },
    "node_modules/protocol-buffers-encodings": {
      "version": "1.2.0",
      "license": "MIT",
      "dependencies": {
        "b4a": "^1.6.0",
        "signed-varint": "^2.0.1",
        "varint": "5.0.0"
      }
    },
    "node_modules/protomux": {
      "version": "3.10.1",
      "license": "MIT",
      "dependencies": {
        "b4a": "^1.3.1",
        "compact-encoding": "^2.5.1",
        "queue-tick": "^1.0.0",
        "safety-catch": "^1.0.1",
        "unslab": "^1.3.0"
      }
    },
    "node_modules/punycode": {
      "version": "2.3.1",
      "license": "MIT",
      "engines": {
        "node": ">=6"
      }
    },
    "node_modules/queue-tick": {
      "version": "1.0.1",
      "license": "MIT"
    },
    "node_modules/quickbit-native": {
      "version": "2.3.6",
      "license": "Apache-2.0",
      "optional": true,
      "dependencies": {
        "b4a": "^1.6.0",
        "require-addon": "^1.1.0"
      }
    },
    "node_modules/quickbit-universal": {
      "version": "2.2.0",
      "license": "ISC",
      "dependencies": {
        "b4a": "^1.6.0",
        "simdle-universal": "^1.1.0"
      },
      "optionalDependencies": {
        "quickbit-native": "^2.2.0"
      }
    },
    "node_modules/rache": {
      "version": "1.0.0",
      "license": "Apache-2.0"
    },
    "node_modules/random-access-file": {
      "version": "4.1.2",
      "license": "MIT",
      "dependencies": {
        "bare-fs": "^4.0.1",
        "bare-path": "^3.0.0",
        "random-access-storage": "^3.0.0"
      },
      "optionalDependencies": {
        "fs-native-extensions": "^1.3.1"
      }
    },
    "node_modules/random-access-storage": {
      "version": "3.0.2",
      "license": "MIT",
      "dependencies": {
        "bare-events": "^2.2.0",
        "queue-tick": "^1.0.0"
      }
    },
    "node_modules/random-array-iterator": {
      "version": "1.0.0",
      "license": "MIT"
    },
    "node_modules/read-write-mutexify": {
      "version": "2.1.0",
      "license": "MIT"
    },
    "node_modules/ready-resource": {
      "version": "1.1.2",
      "license": "MIT",
      "dependencies": {
        "bare-events": "^2.2.0"
      }
    },
    "node_modules/record-cache": {
      "version": "1.2.0",
      "license": "MIT",
      "dependencies": {
        "b4a": "^1.3.1"
      }
    },
    "node_modules/require-addon": {
      "version": "1.1.0",
      "license": "Apache-2.0",
      "dependencies": {
        "bare-addon-resolve": "^1.3.0",
        "bare-url": "^2.1.0"
      },
      "engines": {
        "bare": ">=1.10.0"
      }
    },
    "node_modules/safety-catch": {
      "version": "1.0.2",
      "license": "MIT"
    },
    "node_modules/same-data": {
      "version": "1.0.0",
      "license": "MIT"
    },
    "node_modules/same-object": {
      "version": "1.0.2",
      "dev": true,
      "license": "MIT"
    },
    "node_modules/script-linker": {
      "version": "2.5.4",
      "license": "Apache-2.0",
      "dependencies": {
        "acorn": "^8.6.0",
        "b4a": "^1.3.1",
        "cjs-module-lexer": "^1.2.2",
        "drive-resolve": "^1.0.1",
        "es-module-lexer": "^1.6.0",
        "is-valid-variable": "^1.0.0",
        "read-write-mutexify": "^2.0.0",
        "source-map-bare": "^1.0.0",
        "unix-path-resolve": "^1.0.2"
      }
    },
    "node_modules/semver": {
      "version": "7.7.1",
      "dev": true,
      "license": "ISC",
      "bin": {
        "semver": "bin/semver.js"
      },
      "engines": {
        "node": ">=10"
      }
    },
    "node_modules/shuffled-priority-queue": {
      "version": "2.1.0",
      "license": "MIT",
      "dependencies": {
        "unordered-set": "^2.0.1"
      }
    },
    "node_modules/signal-promise": {
      "version": "1.0.3",
      "license": "MIT"
    },
    "node_modules/signed-varint": {
      "version": "2.0.1",
      "license": "MIT",
      "dependencies": {
        "varint": "~5.0.0"
      }
    },
    "node_modules/simdle-native": {
      "version": "1.3.6",
      "license": "Apache-2.0",
      "optional": true,
      "dependencies": {
        "b4a": "^1.6.0",
        "require-addon": "^1.1.0"
      }
    },
    "node_modules/simdle-universal": {
      "version": "1.1.2",
      "license": "ISC",
      "dependencies": {
        "b4a": "^1.6.0"
      },
      "optionalDependencies": {
        "simdle-native": "^1.1.1"
      }
    },
    "node_modules/sloppy-module-parser": {
      "version": "2.2.3",
      "license": "Apache-2.0",
      "dependencies": {
        "cjs-module-lexer": "^1.2.3",
        "es-module-lexer": "^1.4.1"
      }
    },
    "node_modules/sodium-native": {
      "version": "4.3.3",
      "license": "MIT",
      "dependencies": {
        "require-addon": "^1.1.0"
      }
    },
    "node_modules/sodium-secretstream": {
      "version": "1.1.1",
      "license": "MIT",
      "dependencies": {
        "b4a": "^1.1.1",
        "sodium-universal": "^4.0.0"
      }
    },
    "node_modules/sodium-universal": {
      "version": "4.0.1",
      "license": "MIT",
      "dependencies": {
        "sodium-native": "^4.0.0"
      },
      "peerDependencies": {
        "sodium-javascript": "~0.8.0"
      },
      "peerDependenciesMeta": {
        "sodium-javascript": {
          "optional": true
        }
      }
    },
    "node_modules/source-map-bare": {
      "version": "1.0.0",
      "license": "BSD-3-Clause",
      "dependencies": {
        "whatwg-url": "^7.0.0"
      },
      "engines": {
        "node": ">= 12"
      }
    },
    "node_modules/speedometer": {
      "version": "1.1.0",
      "license": "MIT"
    },
    "node_modules/stackframe": {
      "version": "1.3.4",
      "dev": true,
      "license": "MIT"
    },
    "node_modules/streamx": {
      "version": "2.22.0",
      "license": "MIT",
      "dependencies": {
        "fast-fifo": "^1.3.2",
        "text-decoder": "^1.1.0"
      },
      "optionalDependencies": {
        "bare-events": "^2.2.0"
      }
    },
    "node_modules/sub-encoder": {
      "version": "2.1.3",
      "license": "Apache-2.0",
      "dependencies": {
        "b4a": "^1.6.0",
        "codecs": "^3.1.0"
      }
    },
    "node_modules/supports-color": {
      "version": "7.2.0",
      "dev": true,
      "license": "MIT",
      "dependencies": {
        "has-flag": "^4.0.0"
      },
      "engines": {
        "node": ">=8"
      }
    },
    "node_modules/test-tmp": {
      "version": "1.4.0",
      "dev": true,
      "license": "MIT",
      "dependencies": {
        "bare-fs": "^4.0.1",
        "bare-os": "^3.3.0",
        "bare-path": "^3.0.0"
      }
    },
    "node_modules/text-decoder": {
      "version": "1.2.3",
      "license": "Apache-2.0",
      "dependencies": {
        "b4a": "^1.6.4"
      }
    },
    "node_modules/time-ordered-set": {
      "version": "2.0.1",
      "license": "MIT"
    },
    "node_modules/timeout-refresh": {
      "version": "2.0.1",
      "license": "MIT"
    },
    "node_modules/tiny-buffer-rpc": {
      "version": "2.2.2",
      "license": "Apache-2.0",
      "dependencies": {
        "b4a": "^1.6.3",
        "compact-encoding": "^2.11.0",
        "safety-catch": "^1.0.2",
        "streamx": "^2.13.2"
      }
    },
    "node_modules/tiny-byte-size": {
      "version": "1.1.0",
      "license": "MIT"
    },
    "node_modules/tmatch": {
      "version": "5.0.0",
      "dev": true,
      "license": "ISC",
      "engines": {
        "node": ">=8"
      }
    },
    "node_modules/tr46": {
      "version": "1.0.1",
      "license": "MIT",
      "dependencies": {
        "punycode": "^2.1.0"
      }
    },
    "node_modules/udx-native": {
      "version": "1.17.5",
      "license": "Apache-2.0",
      "dependencies": {
        "b4a": "^1.5.0",
        "bare-events": "^2.2.0",
        "require-addon": "^1.1.0",
        "streamx": "^2.14.0"
      }
    },
    "node_modules/unix-path-resolve": {
      "version": "1.0.2",
      "license": "MIT"
    },
    "node_modules/unordered-set": {
      "version": "2.0.1",
      "license": "MIT"
    },
    "node_modules/unslab": {
      "version": "1.3.0",
      "license": "Apache-2.0",
      "dependencies": {
        "b4a": "^1.6.6"
      }
    },
    "node_modules/url-file-url": {
      "version": "1.0.5",
      "license": "Apache-2.0",
      "dependencies": {
        "bare-path": "^3.0.0",
        "which-runtime": "^1.2.0"
      }
    },
    "node_modules/v8-to-istanbul": {
      "version": "9.3.0",
      "dev": true,
      "license": "ISC",
      "dependencies": {
        "@jridgewell/trace-mapping": "^0.3.12",
        "@types/istanbul-lib-coverage": "^2.0.1",
        "convert-source-map": "^2.0.0"
      },
      "engines": {
        "node": ">=10.12.0"
      }
    },
    "node_modules/varint": {
      "version": "5.0.0",
      "license": "MIT"
    },
    "node_modules/webidl-conversions": {
      "version": "4.0.2",
      "license": "BSD-2-Clause"
    },
    "node_modules/whatwg-url": {
      "version": "7.1.0",
      "license": "MIT",
      "dependencies": {
        "lodash.sortby": "^4.7.0",
        "tr46": "^1.0.1",
        "webidl-conversions": "^4.0.2"
      }
    },
    "node_modules/which-runtime": {
      "version": "1.2.1",
      "license": "Apache-2.0"
    },
    "node_modules/xache": {
      "version": "1.2.1",
      "license": "MIT"
    },
    "node_modules/z32": {
      "version": "1.1.0",
      "license": "MIT",
      "dependencies": {
        "b4a": "^1.5.3"
      }
    }
  }
}
