{
  "name": "require-assets",
  "lockfileVersion": 3,
  "requires": true,
  "packages": {
    "": {
      "name": "require-assets",
      "dependencies": {
        "bare-fs": "^3.1.1"
      }
    },
    "node_modules/bare-events": {
      "version": "2.5.0",
      "resolved": "https://registry.npmjs.org/bare-events/-/bare-events-2.5.0.tgz",
      "integrity": "sha512-/E8dDe9dsbLyh2qrZ64PEPadOQ0F4gbl1sUJOrmph7xOiIxfY8vwab/4bFLh4Y88/Hk/ujKcrQKc+ps0mv873A=="
    },
    "node_modules/bare-fs": {
      "version": "3.1.1",
      "resolved": "https://registry.npmjs.org/bare-fs/-/bare-fs-3.1.1.tgz",
      "integrity": "sha512-AhJ8tNQxhYGfpYERMKshGXG5CJF7S2JpxYAGTa1+Bd78m4TKeMqj9UqmW8Z2ooAYeP0idv0fi/AYVomS9NqKRQ==",
      "dependencies": {
        "bare-events": "^2.0.0",
        "bare-path": "^3.0.0",
        "bare-stream": "^2.0.0"
      }
    },
    "node_modules/bare-os": {
      "version": "3.2.1",
      "resolved": "https://registry.npmjs.org/bare-os/-/bare-os-3.2.1.tgz",
      "integrity": "sha512-2DK/A2wc9+9RySMGv0s4rX9cYlnyuu8nYXL1/XxObnlaQhIAABJXQi5PX5ChMep1xCVXF9TDVhgdq/Y+Qb5meg==",
      "engines": {
        "bare": ">=1.6.0"
      }
    },
    "node_modules/bare-path": {
      "version": "3.0.0",
      "resolved": "https://registry.npmjs.org/bare-path/-/bare-path-3.0.0.tgz",
      "integrity": "sha512-tyfW2cQcB5NN8Saijrhqn0Zh7AnFNsnczRcuWODH0eYAXBsJ5gVxAUuNr7tsHSC6IZ77cA0SitzT+s47kot8Mw==",
      "dependencies": {
        "bare-os": "^3.0.1"
      }
    },
    "node_modules/bare-stream": {
      "version": "2.3.2",
      "resolved": "https://registry.npmjs.org/bare-stream/-/bare-stream-2.3.2.tgz",
      "integrity": "sha512-EFZHSIBkDgSHIwj2l2QZfP4U5OcD4xFAOwhSb/vlr9PIqyGJGvB/nfClJbcnh3EY4jtPE4zsb5ztae96bVF79A==",
      "dependencies": {
        "streamx": "^2.20.0"
      }
    },
    "node_modules/fast-fifo": {
      "version": "1.3.2",
      "resolved": "https://registry.npmjs.org/fast-fifo/-/fast-fifo-1.3.2.tgz",
      "integrity": "sha512-/d9sfos4yxzpwkDkuN7k2SqFKtYNmCTzgfEpz82x34IM9/zc8KGxQoXg1liNC/izpRM/MBdt44Nmx41ZWqk+FQ=="
    },
    "node_modules/queue-tick": {
      "version": "1.0.1",
      "resolved": "https://registry.npmjs.org/queue-tick/-/queue-tick-1.0.1.tgz",
      "integrity": "sha512-kJt5qhMxoszgU/62PLP1CJytzd2NKetjSRnyuj31fDd3Rlcz3fzlFdFLD1SItunPwyqEOkca6GbV612BWfaBag=="
    },
    "node_modules/streamx": {
      "version": "2.20.1",
      "resolved": "https://registry.npmjs.org/streamx/-/streamx-2.20.1.tgz",
      "integrity": "sha512-uTa0mU6WUC65iUvzKH4X9hEdvSW7rbPxPtwfWiLMSj3qTdQbAiUboZTxauKfpFuGIGa1C2BYijZ7wgdUXICJhA==",
      "dependencies": {
        "fast-fifo": "^1.3.2",
        "queue-tick": "^1.0.1",
        "text-decoder": "^1.1.0"
      },
      "optionalDependencies": {
        "bare-events": "^2.2.0"
      }
    },
    "node_modules/text-decoder": {
      "version": "1.2.1",
      "resolved": "https://registry.npmjs.org/text-decoder/-/text-decoder-1.2.1.tgz",
      "integrity": "sha512-x9v3H/lTKIJKQQe7RPQkLfKAnc9lUTkWDypIQgTzPJAq+5/GCDHonmshfvlsNSj58yyshbIJJDLmU15qNERrXQ=="
    }
  }
}
